
Microsoft Visual Studio Solution File, Format Version 12.00
# Visual Studio Version 17
VisualStudioVersion = 17.4.33103.184
MinimumVisualStudioVersion = 10.0.40219.1
Project("{888888A0-9F3D-457C-B088-3A5042F75D52}") = "PythonApplication", "PythonApplication.pyproj", "{E1D20D49-3CC4-4E53-89A3-EE313B001BE1}"
EndProject
Global
	GlobalSection(SolutionConfigurationPlatforms) = preSolution
		Debug|Any CPU = Debug|Any CPU
		Release|Any CPU = Release|Any CPU
	EndGlobalSection
	GlobalSection(ProjectConfigurationPlatforms) = postSolution
		{E1D20D49-3CC4-4E53-89A3-EE313B001BE1}.Debug|Any CPU.ActiveCfg = Debug|Any CPU
		{E1D20D49-3CC4-4E53-89A3-EE313B001BE1}.Release|Any CPU.ActiveCfg = Release|Any CPU
	EndGlobalSection
	GlobalSection(SolutionProperties) = preSolution
		HideSolutionNode = FALSE
	EndGlobalSection
	GlobalSection(ExtensibilityGlobals) = postSolution
		SolutionGuid = {A7EFE9E0-926D-4796-9414-3E9DCE122798}
	EndGlobalSection
EndGlobal
